
Microsoft Visual Studio Solution File, Format Version 12.00
# Visual Studio 15
VisualStudioVersion = 15.0.26228.10
MinimumVisualStudioVersion = 10.0.40219.1
Project("{FAE04EC0-301F-11D3-BF4B-00C04F79EFBC}") = "MathFuncConsole", "MathFuncConsole\MathFuncConsole.csproj", "{606B298E-0264-43FF-8AFB-9D1483338044}"
EndProject
Project("{7CF6DF6D-3B04-46F8-A40B-537D21BCA0B4}") = "MathFuncHelpDocumentation", "MathFuncHelpDocumentation\MathFuncHelpDocumentation.shfbproj", "{52D7373F-FBB7-498A-AA19-C65EE8CFD9E6}"
EndProject
Global
	GlobalSection(SolutionConfigurationPlatforms) = preSolution
		Debug|Any CPU = Debug|Any CPU
		Release|Any CPU = Release|Any CPU
	EndGlobalSection
	GlobalSection(ProjectConfigurationPlatforms) = postSolution
		{606B298E-0264-43FF-8AFB-9D1483338044}.Debug|Any CPU.ActiveCfg = Debug|Any CPU
		{606B298E-0264-43FF-8AFB-9D1483338044}.Debug|Any CPU.Build.0 = Debug|Any CPU
		{606B298E-0264-43FF-8AFB-9D1483338044}.Release|Any CPU.ActiveCfg = Release|Any CPU
		{606B298E-0264-43FF-8AFB-9D1483338044}.Release|Any CPU.Build.0 = Release|Any CPU
		{52D7373F-FBB7-498A-AA19-C65EE8CFD9E6}.Debug|Any CPU.ActiveCfg = Debug|Any CPU
		{52D7373F-FBB7-498A-AA19-C65EE8CFD9E6}.Debug|Any CPU.Build.0 = Debug|Any CPU
		{52D7373F-FBB7-498A-AA19-C65EE8CFD9E6}.Release|Any CPU.ActiveCfg = Release|Any CPU
		{52D7373F-FBB7-498A-AA19-C65EE8CFD9E6}.Release|Any CPU.Build.0 = Release|Any CPU
	EndGlobalSection
	GlobalSection(SolutionProperties) = preSolution
		HideSolutionNode = FALSE
	EndGlobalSection
EndGlobal
